
Microsoft Visual Studio Solution File, Format Version 11.00
# Visual Studio 2010
Project("{FAE04EC0-301F-11D3-BF4B-00C04F79EFBC}") = "eye", "Assembly-CSharp-firstpass.csproj", "{808F18AD-F2F7-F700-D600-AA2E43A30B9D}"
EndProject
Project("{FAE04EC0-301F-11D3-BF4B-00C04F79EFBC}") = "eye", "Assembly-CSharp.csproj", "{86575A21-0BF9-C159-7A51-0C4A095CE953}"
EndProject
Project("{FAE04EC0-301F-11D3-BF4B-00C04F79EFBC}") = "eye", "Assembly-CSharp-Editor-firstpass.csproj", "{EE00AC77-27B0-7E5A-EEAC-F1B59527AE9D}"
EndProject
Global
	GlobalSection(SolutionConfigurationPlatforms) = preSolution
		Debug|Any CPU = Debug|Any CPU
		Release|Any CPU = Release|Any CPU
	EndGlobalSection
	GlobalSection(ProjectConfigurationPlatforms) = postSolution
		{808F18AD-F2F7-F700-D600-AA2E43A30B9D}.Debug|Any CPU.ActiveCfg = Debug|Any CPU
		{808F18AD-F2F7-F700-D600-AA2E43A30B9D}.Debug|Any CPU.Build.0 = Debug|Any CPU
		{808F18AD-F2F7-F700-D600-AA2E43A30B9D}.Release|Any CPU.ActiveCfg = Release|Any CPU
		{808F18AD-F2F7-F700-D600-AA2E43A30B9D}.Release|Any CPU.Build.0 = Release|Any CPU
		{86575A21-0BF9-C159-7A51-0C4A095CE953}.Debug|Any CPU.ActiveCfg = Debug|Any CPU
		{86575A21-0BF9-C159-7A51-0C4A095CE953}.Debug|Any CPU.Build.0 = Debug|Any CPU
		{86575A21-0BF9-C159-7A51-0C4A095CE953}.Release|Any CPU.ActiveCfg = Release|Any CPU
		{86575A21-0BF9-C159-7A51-0C4A095CE953}.Release|Any CPU.Build.0 = Release|Any CPU
		{EE00AC77-27B0-7E5A-EEAC-F1B59527AE9D}.Debug|Any CPU.ActiveCfg = Debug|Any CPU
		{EE00AC77-27B0-7E5A-EEAC-F1B59527AE9D}.Debug|Any CPU.Build.0 = Debug|Any CPU
		{EE00AC77-27B0-7E5A-EEAC-F1B59527AE9D}.Release|Any CPU.ActiveCfg = Release|Any CPU
		{EE00AC77-27B0-7E5A-EEAC-F1B59527AE9D}.Release|Any CPU.Build.0 = Release|Any CPU
	EndGlobalSection
	GlobalSection(SolutionProperties) = preSolution
		HideSolutionNode = FALSE
	EndGlobalSection
	GlobalSection(MonoDevelopProperties) = preSolution
		StartupItem = Assembly-CSharp.csproj
	EndGlobalSection
EndGlobal
